{
  "name": "aes",
  "version": "1.0.0",
  "lockfileVersion": 2,
  "requires": true,
  "packages": {
    "": {
      "name": "aes",
      "version": "1.0.0",
      "license": "ISC",
      "dependencies": {
        "@types/crypto-js": "^4.2.2",
        "aes": "file:",
        "crypto-js": "^4.2.0"
      }
    },
    "node_modules/.store/@types+crypto-js@4.2.2/node_modules/@types/crypto-js": {
      "version": "4.2.2",
      "license": "MIT"
    },
    "node_modules/.store/crypto-js@4.2.0/node_modules/crypto-js": {
      "version": "4.2.0",
      "license": "MIT"
    },
    "node_modules/@types/crypto-js": {
      "resolved": "node_modules/.store/@types+crypto-js@4.2.2/node_modules/@types/crypto-js",
      "link": true
    },
    "node_modules/aes": {
      "resolved": "",
      "link": true
    },
    "node_modules/crypto-js": {
      "resolved": "node_modules/.store/crypto-js@4.2.0/node_modules/crypto-js",
      "link": true
    }
  },
  "dependencies": {
    "@types/crypto-js": {
      "version": "file:node_modules/.store/@types+crypto-js@4.2.2/node_modules/@types/crypto-js"
    },
    "aes": {
      "version": "file:",
      "requires": {
        "@types/crypto-js": "^4.2.2",
        "aes": "file:",
        "crypto-js": "^4.2.0"
      },
      "dependencies": {
        "@types/crypto-js": {
          "version": "file:node_modules/.store/@types+crypto-js@4.2.2/node_modules/@types/crypto-js"
        },
        "crypto-js": {
          "version": "file:node_modules/.store/crypto-js@4.2.0/node_modules/crypto-js"
        }
      }
    },
    "crypto-js": {
      "version": "file:node_modules/.store/crypto-js@4.2.0/node_modules/crypto-js"
    }
  }
}
